
Microsoft Visual Studio Solution File, Format Version 12.00
# Visual Studio Version 17
VisualStudioVersion = 17.1.32210.238
MinimumVisualStudioVersion = 10.0.40219.1
Project("{FAE04EC0-301F-11D3-BF4B-00C04F79EFBC}") = "DyerHasNItems", "DyerHasNItems\DyerHasNItems.csproj", "{0FBC6778-8D4E-4BC6-825C-8806F595ED38}"
EndProject
Global
	GlobalSection(SolutionConfigurationPlatforms) = preSolution
		Debug|Any CPU = Debug|Any CPU
		Release|Any CPU = Release|Any CPU
	EndGlobalSection
	GlobalSection(ProjectConfigurationPlatforms) = postSolution
		{0FBC6778-8D4E-4BC6-825C-8806F595ED38}.Debug|Any CPU.ActiveCfg = Debug|Any CPU
		{0FBC6778-8D4E-4BC6-825C-8806F595ED38}.Debug|Any CPU.Build.0 = Debug|Any CPU
		{0FBC6778-8D4E-4BC6-825C-8806F595ED38}.Release|Any CPU.ActiveCfg = Release|Any CPU
		{0FBC6778-8D4E-4BC6-825C-8806F595ED38}.Release|Any CPU.Build.0 = Release|Any CPU
	EndGlobalSection
	GlobalSection(SolutionProperties) = preSolution
		HideSolutionNode = FALSE
	EndGlobalSection
	GlobalSection(ExtensibilityGlobals) = postSolution
		SolutionGuid = {25B96EAC-151D-43E4-AD5F-49AB1E74DC17}
	EndGlobalSection
EndGlobal
